
Microsoft Visual Studio Solution File, Format Version 12.00
# Visual Studio Version 17
VisualStudioVersion = 17.14.36429.23 d17.14
MinimumVisualStudioVersion = 10.0.40219.1
Project("{FAE04EC0-301F-11D3-BF4B-00C04F79EFBC}") = "LXT_lesson01_1", "LXT_lesson01_1.csproj", "{33DB9743-A287-44C3-8F60-F13881BE07BD}"
EndProject
Project("{FAE04EC0-301F-11D3-BF4B-00C04F79EFBC}") = "LXT_lesson01_02", "..\LXT_lesson01_02\LXT_lesson01_02.csproj", "{66C12F1A-8FAB-481D-A186-78C7EB6BB595}"
EndProject
Global
	GlobalSection(SolutionConfigurationPlatforms) = preSolution
		Debug|Any CPU = Debug|Any CPU
		Release|Any CPU = Release|Any CPU
	EndGlobalSection
	GlobalSection(ProjectConfigurationPlatforms) = postSolution
		{33DB9743-A287-44C3-8F60-F13881BE07BD}.Debug|Any CPU.ActiveCfg = Debug|Any CPU
		{33DB9743-A287-44C3-8F60-F13881BE07BD}.Debug|Any CPU.Build.0 = Debug|Any CPU
		{33DB9743-A287-44C3-8F60-F13881BE07BD}.Release|Any CPU.ActiveCfg = Release|Any CPU
		{33DB9743-A287-44C3-8F60-F13881BE07BD}.Release|Any CPU.Build.0 = Release|Any CPU
		{66C12F1A-8FAB-481D-A186-78C7EB6BB595}.Debug|Any CPU.ActiveCfg = Debug|Any CPU
		{66C12F1A-8FAB-481D-A186-78C7EB6BB595}.Debug|Any CPU.Build.0 = Debug|Any CPU
		{66C12F1A-8FAB-481D-A186-78C7EB6BB595}.Release|Any CPU.ActiveCfg = Release|Any CPU
		{66C12F1A-8FAB-481D-A186-78C7EB6BB595}.Release|Any CPU.Build.0 = Release|Any CPU
	EndGlobalSection
	GlobalSection(SolutionProperties) = preSolution
		HideSolutionNode = FALSE
	EndGlobalSection
	GlobalSection(ExtensibilityGlobals) = postSolution
		SolutionGuid = {4766DC07-62BE-4E2A-971C-461D0AF46ACC}
	EndGlobalSection
EndGlobal
